
Microsoft Visual Studio Solution File, Format Version 12.00
Project("{FAE04EC0-301F-11D3-BF4B-00C04F79EFBC}") = "AtomFeed", "src\AtomFeed\AtomFeed.csproj", "{69A43204-F627-45F7-B114-8A1B0C2F30F6}"
EndProject
Project("{FAE04EC0-301F-11D3-BF4B-00C04F79EFBC}") = "AtomFeed.Tests", "tests\AtomFeed.Tests\AtomFeed.Tests.csproj", "{209C200B-481A-4216-9916-A2FD9B4F0ACE}"
EndProject
Project("{FAE04EC0-301F-11D3-BF4B-00C04F79EFBC}") = "FeedServer", "examples\FeedServer\FeedServer.csproj", "{AE0458DD-CFDF-4FED-BE5A-BEB87B9235A6}"
EndProject
Project("{FAE04EC0-301F-11D3-BF4B-00C04F79EFBC}") = "FeedReader", "examples\FeedReader\FeedReader.csproj", "{5F5AF580-2B34-4365-996E-C95B9A26956F}"
EndProject
Global
	GlobalSection(SolutionConfigurationPlatforms) = preSolution
		Debug|Any CPU = Debug|Any CPU
		Release|Any CPU = Release|Any CPU
	EndGlobalSection
	GlobalSection(ProjectConfigurationPlatforms) = postSolution
		{69A43204-F627-45F7-B114-8A1B0C2F30F6}.Debug|Any CPU.ActiveCfg = Debug|Any CPU
		{69A43204-F627-45F7-B114-8A1B0C2F30F6}.Debug|Any CPU.Build.0 = Debug|Any CPU
		{69A43204-F627-45F7-B114-8A1B0C2F30F6}.Release|Any CPU.ActiveCfg = Release|Any CPU
		{69A43204-F627-45F7-B114-8A1B0C2F30F6}.Release|Any CPU.Build.0 = Release|Any CPU
		{209C200B-481A-4216-9916-A2FD9B4F0ACE}.Debug|Any CPU.ActiveCfg = Debug|Any CPU
		{209C200B-481A-4216-9916-A2FD9B4F0ACE}.Debug|Any CPU.Build.0 = Debug|Any CPU
		{209C200B-481A-4216-9916-A2FD9B4F0ACE}.Release|Any CPU.ActiveCfg = Release|Any CPU
		{209C200B-481A-4216-9916-A2FD9B4F0ACE}.Release|Any CPU.Build.0 = Release|Any CPU
		{AE0458DD-CFDF-4FED-BE5A-BEB87B9235A6}.Debug|Any CPU.ActiveCfg = Debug|Any CPU
		{AE0458DD-CFDF-4FED-BE5A-BEB87B9235A6}.Debug|Any CPU.Build.0 = Debug|Any CPU
		{AE0458DD-CFDF-4FED-BE5A-BEB87B9235A6}.Release|Any CPU.ActiveCfg = Release|Any CPU
		{AE0458DD-CFDF-4FED-BE5A-BEB87B9235A6}.Release|Any CPU.Build.0 = Release|Any CPU
		{5F5AF580-2B34-4365-996E-C95B9A26956F}.Debug|Any CPU.ActiveCfg = Debug|Any CPU
		{5F5AF580-2B34-4365-996E-C95B9A26956F}.Debug|Any CPU.Build.0 = Debug|Any CPU
		{5F5AF580-2B34-4365-996E-C95B9A26956F}.Release|Any CPU.ActiveCfg = Release|Any CPU
		{5F5AF580-2B34-4365-996E-C95B9A26956F}.Release|Any CPU.Build.0 = Release|Any CPU
	EndGlobalSection
EndGlobal
